Microsoft Visual Studio Solution File, Format Version 12.00
# Visual Studio Version 17
VisualStudioVersion = 17.5.2.0
MinimumVisualStudioVersion = 10.0.40219.1
Project("{FAE04EC0-301F-11D3-BF4B-00C04F79EFBC}") = "ProjectF1", "ProjectF1.csproj", "{2F3C5E6C-ADBD-E85B-E5BF-6A1A6A54B9C5}"
EndProject
Global
	GlobalSection(SolutionConfigurationPlatforms) = preSolution
		Debug|Any CPU = Debug|Any CPU
		Release|Any CPU = Release|Any CPU
	EndGlobalSection
	GlobalSection(ProjectConfigurationPlatforms) = postSolution
		{2F3C5E6C-ADBD-E85B-E5BF-6A1A6A54B9C5}.Debug|Any CPU.ActiveCfg = Debug|Any CPU
		{2F3C5E6C-ADBD-E85B-E5BF-6A1A6A54B9C5}.Debug|Any CPU.Build.0 = Debug|Any CPU
		{2F3C5E6C-ADBD-E85B-E5BF-6A1A6A54B9C5}.Release|Any CPU.ActiveCfg = Release|Any CPU
		{2F3C5E6C-ADBD-E85B-E5BF-6A1A6A54B9C5}.Release|Any CPU.Build.0 = Release|Any CPU
	EndGlobalSection
	GlobalSection(SolutionProperties) = preSolution
		HideSolutionNode = FALSE
	EndGlobalSection
	GlobalSection(ExtensibilityGlobals) = postSolution
		SolutionGuid = {73C8A5B7-7354-45E0-B24F-259ECD457474}
	EndGlobalSection
EndGlobal
